
Microsoft Visual Studio Solution File, Format Version 12.00
# Visual Studio 15
VisualStudioVersion = 15.0.28307.438
MinimumVisualStudioVersion = 10.0.40219.1
Project("{FAE04EC0-301F-11D3-BF4B-00C04F79EFBC}") = "Lab8AuthWithGoogle", "Lab8AuthWithGoogle\Lab8AuthWithGoogle.csproj", "{6B058ABF-A7B8-478A-A88A-570D41DE9863}"
EndProject
Global
	GlobalSection(SolutionConfigurationPlatforms) = preSolution
		Debug|Any CPU = Debug|Any CPU
		Release|Any CPU = Release|Any CPU
	EndGlobalSection
	GlobalSection(ProjectConfigurationPlatforms) = postSolution
		{6B058ABF-A7B8-478A-A88A-570D41DE9863}.Debug|Any CPU.ActiveCfg = Debug|Any CPU
		{6B058ABF-A7B8-478A-A88A-570D41DE9863}.Debug|Any CPU.Build.0 = Debug|Any CPU
		{6B058ABF-A7B8-478A-A88A-570D41DE9863}.Release|Any CPU.ActiveCfg = Release|Any CPU
		{6B058ABF-A7B8-478A-A88A-570D41DE9863}.Release|Any CPU.Build.0 = Release|Any CPU
	EndGlobalSection
	GlobalSection(SolutionProperties) = preSolution
		HideSolutionNode = FALSE
	EndGlobalSection
	GlobalSection(ExtensibilityGlobals) = postSolution
		SolutionGuid = {3D3929DD-5A62-4BDF-9D3F-B45DF0016416}
	EndGlobalSection
EndGlobal
