
Microsoft Visual Studio Solution File, Format Version 12.00
# Visual Studio 15
VisualStudioVersion = 15.0.28307.329
MinimumVisualStudioVersion = 10.0.40219.1
Project("{FAE04EC0-301F-11D3-BF4B-00C04F79EFBC}") = "EnrollmentApplication2", "EnrollmentApplication2\EnrollmentApplication2.csproj", "{585B0B52-0CF4-499A-A078-089801F94E3C}"
EndProject
Project("{FAE04EC0-301F-11D3-BF4B-00C04F79EFBC}") = "EnrollmentApplication2.Tests", "EnrollmentApplication2.Tests\EnrollmentApplication2.Tests.csproj", "{B89E4FEE-4114-4400-87EB-F06885DA41DB}"
EndProject
Global
	GlobalSection(SolutionConfigurationPlatforms) = preSolution
		Debug|Any CPU = Debug|Any CPU
		Release|Any CPU = Release|Any CPU
	EndGlobalSection
	GlobalSection(ProjectConfigurationPlatforms) = postSolution
		{585B0B52-0CF4-499A-A078-089801F94E3C}.Debug|Any CPU.ActiveCfg = Debug|Any CPU
		{585B0B52-0CF4-499A-A078-089801F94E3C}.Debug|Any CPU.Build.0 = Debug|Any CPU
		{585B0B52-0CF4-499A-A078-089801F94E3C}.Release|Any CPU.ActiveCfg = Release|Any CPU
		{585B0B52-0CF4-499A-A078-089801F94E3C}.Release|Any CPU.Build.0 = Release|Any CPU
		{B89E4FEE-4114-4400-87EB-F06885DA41DB}.Debug|Any CPU.ActiveCfg = Debug|Any CPU
		{B89E4FEE-4114-4400-87EB-F06885DA41DB}.Debug|Any CPU.Build.0 = Debug|Any CPU
		{B89E4FEE-4114-4400-87EB-F06885DA41DB}.Release|Any CPU.ActiveCfg = Release|Any CPU
		{B89E4FEE-4114-4400-87EB-F06885DA41DB}.Release|Any CPU.Build.0 = Release|Any CPU
	EndGlobalSection
	GlobalSection(SolutionProperties) = preSolution
		HideSolutionNode = FALSE
	EndGlobalSection
	GlobalSection(ExtensibilityGlobals) = postSolution
		SolutionGuid = {62D0B34B-BED1-42A6-91B8-3B8C40B377E4}
	EndGlobalSection
EndGlobal
