
Microsoft Visual Studio Solution File, Format Version 12.00
# Visual Studio 15
VisualStudioVersion = 15.0.28307.572
MinimumVisualStudioVersion = 10.0.40219.1
Project("{FAE04EC0-301F-11D3-BF4B-00C04F79EFBC}") = "FinalProject", "FinalProject\FinalProject.csproj", "{D401FF53-5B06-4A06-845D-1B33E0D6D3A8}"
EndProject
Project("{FAE04EC0-301F-11D3-BF4B-00C04F79EFBC}") = "FinalProject.Tests", "FinalProject.Tests\FinalProject.Tests.csproj", "{2139DC3A-AB06-4EEC-B7AD-8223E7B93E72}"
EndProject
Global
	GlobalSection(SolutionConfigurationPlatforms) = preSolution
		Debug|Any CPU = Debug|Any CPU
		Release|Any CPU = Release|Any CPU
	EndGlobalSection
	GlobalSection(ProjectConfigurationPlatforms) = postSolution
		{D401FF53-5B06-4A06-845D-1B33E0D6D3A8}.Debug|Any CPU.ActiveCfg = Debug|Any CPU
		{D401FF53-5B06-4A06-845D-1B33E0D6D3A8}.Debug|Any CPU.Build.0 = Debug|Any CPU
		{D401FF53-5B06-4A06-845D-1B33E0D6D3A8}.Release|Any CPU.ActiveCfg = Release|Any CPU
		{D401FF53-5B06-4A06-845D-1B33E0D6D3A8}.Release|Any CPU.Build.0 = Release|Any CPU
		{2139DC3A-AB06-4EEC-B7AD-8223E7B93E72}.Debug|Any CPU.ActiveCfg = Debug|Any CPU
		{2139DC3A-AB06-4EEC-B7AD-8223E7B93E72}.Debug|Any CPU.Build.0 = Debug|Any CPU
		{2139DC3A-AB06-4EEC-B7AD-8223E7B93E72}.Release|Any CPU.ActiveCfg = Release|Any CPU
		{2139DC3A-AB06-4EEC-B7AD-8223E7B93E72}.Release|Any CPU.Build.0 = Release|Any CPU
	EndGlobalSection
	GlobalSection(SolutionProperties) = preSolution
		HideSolutionNode = FALSE
	EndGlobalSection
	GlobalSection(ExtensibilityGlobals) = postSolution
		SolutionGuid = {D3D51D3B-5E2B-4C23-94FE-91F6BF5E07C9}
	EndGlobalSection
EndGlobal
